
Microsoft Visual Studio Solution File, Format Version 12.00
# Visual Studio Version 17
VisualStudioVersion = 17.13.35931.197
MinimumVisualStudioVersion = 10.0.40219.1
Project("{2150E333-8FDC-42A3-9474-1A3956D46DE8}") = "Lesson1", "Lesson1", "{02EA681E-C7D8-13C7-8484-4AC65E1B71E8}"
EndProject
Project("{FAE04EC0-301F-11D3-BF4B-00C04F79EFBC}") = "FistProject", "Lesson1\FistProject\FistProject.csproj", "{62834B6B-67DA-49FA-94C1-569B46DE9C19}"
EndProject
Project("{2150E333-8FDC-42A3-9474-1A3956D46DE8}") = "Lesson2", "Lesson2", "{2D1FD104-CC0C-4F47-934C-089149A672F3}"
EndProject
Project("{2150E333-8FDC-42A3-9474-1A3956D46DE8}") = "Lesson8", "Lesson8", "{B4BFCCC4-A064-4AB0-9100-A13E8F398143}"
EndProject
Project("{FAE04EC0-301F-11D3-BF4B-00C04F79EFBC}") = "DataTypeVariable", "Lesson2\DataTypeVariable\DataTypeVariable.csproj", "{ABC71F44-0A8D-4822-8B9F-0E389FE2F2FA}"
EndProject
Project("{FAE04EC0-301F-11D3-BF4B-00C04F79EFBC}") = "LearnFunction", "Lesson2\LearnFunction\LearnFunction.csproj", "{19099B5F-857F-4F88-A63A-147BAC18F469}"
EndProject
Project("{2150E333-8FDC-42A3-9474-1A3956D46DE8}") = "Lesson3", "Lesson3", "{55483DE5-3ADB-4C55-88B0-ED6D39577BF1}"
EndProject
Project("{FAE04EC0-301F-11D3-BF4B-00C04F79EFBC}") = "LearnCondition", "Lesson3\LearnCondition\LearnCondition.csproj", "{D82F9229-0D39-4B02-9B44-E71EB2D17D72}"
EndProject
Project("{2150E333-8FDC-42A3-9474-1A3956D46DE8}") = "Lesson4", "Lesson4", "{BDB050B7-B3BD-47DD-BDBC-538B728FC193}"
EndProject
Project("{FAE04EC0-301F-11D3-BF4B-00C04F79EFBC}") = "LearnSwitchCase", "Lesson4\LearnSwitchCase\LearnSwitchCase.csproj", "{4E51104A-0B3D-420F-94A9-9086040C2067}"
EndProject
Project("{FAE04EC0-301F-11D3-BF4B-00C04F79EFBC}") = "LearnException", "Lesson4\LearnException\LearnException.csproj", "{4949261B-28BB-4655-B824-F4114ACB539C}"
EndProject
Project("{2150E333-8FDC-42A3-9474-1A3956D46DE8}") = "Lesson5", "Lesson5", "{DDC77DAF-85A1-4552-BD7B-571B7C59191C}"
EndProject
Project("{FAE04EC0-301F-11D3-BF4B-00C04F79EFBC}") = "LearnArray", "Lesson5\LearnArray\LearnArray.csproj", "{2C755C25-B264-4E3B-BB6F-70F371C49AAF}"
EndProject
Project("{2150E333-8FDC-42A3-9474-1A3956D46DE8}") = "Lesson6", "Lesson6", "{B5B06A4D-E640-4FE9-A04D-6DFB1F52ABB3}"
EndProject
Project("{FAE04EC0-301F-11D3-BF4B-00C04F79EFBC}") = "LearnList", "Lesson6\LearnList\LearnList.csproj", "{5ADF5965-C637-4A39-9F9E-7CE27B653579}"
EndProject
Project("{FAE04EC0-301F-11D3-BF4B-00C04F79EFBC}") = "LearnLoop", "Lesson5\LearnLoop\LearnLoop.csproj", "{70F52783-AFFE-7611-4F2D-11E2661C6322}"
EndProject
Project("{FAE04EC0-301F-11D3-BF4B-00C04F79EFBC}") = "LearnOOP", "Lesson8\LearnOOP\LearnOOP.csproj", "{9399480E-E0DA-4074-B183-59E17199664F}"
EndProject
Project("{2150E333-8FDC-42A3-9474-1A3956D46DE8}") = "Lesson9", "Lesson9", "{932C81BF-0A8A-4FC9-BAEA-5441F8A2FF9E}"
EndProject
Project("{FAE04EC0-301F-11D3-BF4B-00C04F79EFBC}") = "OOP2", "Lesson9\OOP2\OOP2.csproj", "{CB7D2B7F-4B5E-4CEC-9D59-E1D629AABB91}"
EndProject
Project("{2150E333-8FDC-42A3-9474-1A3956D46DE8}") = "Lesson10", "Lesson10", "{F0B3CF87-41A6-4F7B-9A91-D1DCABACAE38}"
EndProject
Project("{FAE04EC0-301F-11D3-BF4B-00C04F79EFBC}") = "LearnGeneric", "Lesson10\LearnGeneric\LearnGeneric.csproj", "{90DC3380-ADD3-D562-205C-3A2704319512}"
EndProject
Project("{2150E333-8FDC-42A3-9474-1A3956D46DE8}") = "Lesson15", "Lesson15", "{80A50E5B-B459-4C38-820D-192EE2C2C22F}"
EndProject
Project("{FAE04EC0-301F-11D3-BF4B-00C04F79EFBC}") = "LearnEF", "Lesson15\LearnEF\LearnEF.csproj", "{B6565D3A-065A-4128-9240-39C4BE8E8D63}"
EndProject
Project("{2150E333-8FDC-42A3-9474-1A3956D46DE8}") = "Lesson16", "Lesson16", "{65CB5889-03D7-41FD-B2CD-87DAC24FF52D}"
EndProject
Project("{FAE04EC0-301F-11D3-BF4B-00C04F79EFBC}") = "DemoWeb", "Lesson16\DemoWeb\DemoWeb.csproj", "{73517448-51E6-42E5-8822-508BD9FBA382}"
EndProject
Project("{2150E333-8FDC-42A3-9474-1A3956D46DE8}") = "Lesson17", "Lesson17", "{B98C857E-DA06-47B1-8790-6B589BE7989C}"
EndProject
Project("{FAE04EC0-301F-11D3-BF4B-00C04F79EFBC}") = "BookApp", "Lesson17\BookApp\BookApp.csproj", "{4B21276D-5D50-491C-863F-6A6B7376C5C6}"
EndProject
Global
	GlobalSection(SolutionConfigurationPlatforms) = preSolution
		Debug|Any CPU = Debug|Any CPU
		Release|Any CPU = Release|Any CPU
	EndGlobalSection
	GlobalSection(ProjectConfigurationPlatforms) = postSolution
		{62834B6B-67DA-49FA-94C1-569B46DE9C19}.Debug|Any CPU.ActiveCfg = Debug|Any CPU
		{62834B6B-67DA-49FA-94C1-569B46DE9C19}.Debug|Any CPU.Build.0 = Debug|Any CPU
		{62834B6B-67DA-49FA-94C1-569B46DE9C19}.Release|Any CPU.ActiveCfg = Release|Any CPU
		{62834B6B-67DA-49FA-94C1-569B46DE9C19}.Release|Any CPU.Build.0 = Release|Any CPU
		{ABC71F44-0A8D-4822-8B9F-0E389FE2F2FA}.Debug|Any CPU.ActiveCfg = Debug|Any CPU
		{ABC71F44-0A8D-4822-8B9F-0E389FE2F2FA}.Debug|Any CPU.Build.0 = Debug|Any CPU
		{ABC71F44-0A8D-4822-8B9F-0E389FE2F2FA}.Release|Any CPU.ActiveCfg = Release|Any CPU
		{ABC71F44-0A8D-4822-8B9F-0E389FE2F2FA}.Release|Any CPU.Build.0 = Release|Any CPU
		{19099B5F-857F-4F88-A63A-147BAC18F469}.Debug|Any CPU.ActiveCfg = Debug|Any CPU
		{19099B5F-857F-4F88-A63A-147BAC18F469}.Debug|Any CPU.Build.0 = Debug|Any CPU
		{19099B5F-857F-4F88-A63A-147BAC18F469}.Release|Any CPU.ActiveCfg = Release|Any CPU
		{19099B5F-857F-4F88-A63A-147BAC18F469}.Release|Any CPU.Build.0 = Release|Any CPU
		{D82F9229-0D39-4B02-9B44-E71EB2D17D72}.Debug|Any CPU.ActiveCfg = Debug|Any CPU
		{D82F9229-0D39-4B02-9B44-E71EB2D17D72}.Debug|Any CPU.Build.0 = Debug|Any CPU
		{D82F9229-0D39-4B02-9B44-E71EB2D17D72}.Release|Any CPU.ActiveCfg = Release|Any CPU
		{D82F9229-0D39-4B02-9B44-E71EB2D17D72}.Release|Any CPU.Build.0 = Release|Any CPU
		{4E51104A-0B3D-420F-94A9-9086040C2067}.Debug|Any CPU.ActiveCfg = Debug|Any CPU
		{4E51104A-0B3D-420F-94A9-9086040C2067}.Debug|Any CPU.Build.0 = Debug|Any CPU
		{4E51104A-0B3D-420F-94A9-9086040C2067}.Release|Any CPU.ActiveCfg = Release|Any CPU
		{4E51104A-0B3D-420F-94A9-9086040C2067}.Release|Any CPU.Build.0 = Release|Any CPU
		{4949261B-28BB-4655-B824-F4114ACB539C}.Debug|Any CPU.ActiveCfg = Debug|Any CPU
		{4949261B-28BB-4655-B824-F4114ACB539C}.Debug|Any CPU.Build.0 = Debug|Any CPU
		{4949261B-28BB-4655-B824-F4114ACB539C}.Release|Any CPU.ActiveCfg = Release|Any CPU
		{4949261B-28BB-4655-B824-F4114ACB539C}.Release|Any CPU.Build.0 = Release|Any CPU
		{2C755C25-B264-4E3B-BB6F-70F371C49AAF}.Debug|Any CPU.ActiveCfg = Debug|Any CPU
		{2C755C25-B264-4E3B-BB6F-70F371C49AAF}.Debug|Any CPU.Build.0 = Debug|Any CPU
		{2C755C25-B264-4E3B-BB6F-70F371C49AAF}.Release|Any CPU.ActiveCfg = Release|Any CPU
		{2C755C25-B264-4E3B-BB6F-70F371C49AAF}.Release|Any CPU.Build.0 = Release|Any CPU
		{5ADF5965-C637-4A39-9F9E-7CE27B653579}.Debug|Any CPU.ActiveCfg = Debug|Any CPU
		{5ADF5965-C637-4A39-9F9E-7CE27B653579}.Debug|Any CPU.Build.0 = Debug|Any CPU
		{5ADF5965-C637-4A39-9F9E-7CE27B653579}.Release|Any CPU.ActiveCfg = Release|Any CPU
		{5ADF5965-C637-4A39-9F9E-7CE27B653579}.Release|Any CPU.Build.0 = Release|Any CPU
		{70F52783-AFFE-7611-4F2D-11E2661C6322}.Debug|Any CPU.ActiveCfg = Debug|Any CPU
		{70F52783-AFFE-7611-4F2D-11E2661C6322}.Debug|Any CPU.Build.0 = Debug|Any CPU
		{70F52783-AFFE-7611-4F2D-11E2661C6322}.Release|Any CPU.ActiveCfg = Release|Any CPU
		{70F52783-AFFE-7611-4F2D-11E2661C6322}.Release|Any CPU.Build.0 = Release|Any CPU
		{9399480E-E0DA-4074-B183-59E17199664F}.Debug|Any CPU.ActiveCfg = Debug|Any CPU
		{9399480E-E0DA-4074-B183-59E17199664F}.Debug|Any CPU.Build.0 = Debug|Any CPU
		{9399480E-E0DA-4074-B183-59E17199664F}.Release|Any CPU.ActiveCfg = Release|Any CPU
		{9399480E-E0DA-4074-B183-59E17199664F}.Release|Any CPU.Build.0 = Release|Any CPU
		{CB7D2B7F-4B5E-4CEC-9D59-E1D629AABB91}.Debug|Any CPU.ActiveCfg = Debug|Any CPU
		{CB7D2B7F-4B5E-4CEC-9D59-E1D629AABB91}.Debug|Any CPU.Build.0 = Debug|Any CPU
		{CB7D2B7F-4B5E-4CEC-9D59-E1D629AABB91}.Release|Any CPU.ActiveCfg = Release|Any CPU
		{CB7D2B7F-4B5E-4CEC-9D59-E1D629AABB91}.Release|Any CPU.Build.0 = Release|Any CPU
		{90DC3380-ADD3-D562-205C-3A2704319512}.Debug|Any CPU.ActiveCfg = Debug|Any CPU
		{90DC3380-ADD3-D562-205C-3A2704319512}.Debug|Any CPU.Build.0 = Debug|Any CPU
		{90DC3380-ADD3-D562-205C-3A2704319512}.Release|Any CPU.ActiveCfg = Release|Any CPU
		{90DC3380-ADD3-D562-205C-3A2704319512}.Release|Any CPU.Build.0 = Release|Any CPU
		{B6565D3A-065A-4128-9240-39C4BE8E8D63}.Debug|Any CPU.ActiveCfg = Debug|Any CPU
		{B6565D3A-065A-4128-9240-39C4BE8E8D63}.Debug|Any CPU.Build.0 = Debug|Any CPU
		{B6565D3A-065A-4128-9240-39C4BE8E8D63}.Release|Any CPU.ActiveCfg = Release|Any CPU
		{B6565D3A-065A-4128-9240-39C4BE8E8D63}.Release|Any CPU.Build.0 = Release|Any CPU
		{73517448-51E6-42E5-8822-508BD9FBA382}.Debug|Any CPU.ActiveCfg = Debug|Any CPU
		{73517448-51E6-42E5-8822-508BD9FBA382}.Debug|Any CPU.Build.0 = Debug|Any CPU
		{73517448-51E6-42E5-8822-508BD9FBA382}.Release|Any CPU.ActiveCfg = Release|Any CPU
		{73517448-51E6-42E5-8822-508BD9FBA382}.Release|Any CPU.Build.0 = Release|Any CPU
		{4B21276D-5D50-491C-863F-6A6B7376C5C6}.Debug|Any CPU.ActiveCfg = Debug|Any CPU
		{4B21276D-5D50-491C-863F-6A6B7376C5C6}.Debug|Any CPU.Build.0 = Debug|Any CPU
		{4B21276D-5D50-491C-863F-6A6B7376C5C6}.Release|Any CPU.ActiveCfg = Release|Any CPU
		{4B21276D-5D50-491C-863F-6A6B7376C5C6}.Release|Any CPU.Build.0 = Release|Any CPU
	EndGlobalSection
	GlobalSection(SolutionProperties) = preSolution
		HideSolutionNode = FALSE
	EndGlobalSection
	GlobalSection(NestedProjects) = preSolution
		{62834B6B-67DA-49FA-94C1-569B46DE9C19} = {02EA681E-C7D8-13C7-8484-4AC65E1B71E8}
		{ABC71F44-0A8D-4822-8B9F-0E389FE2F2FA} = {2D1FD104-CC0C-4F47-934C-089149A672F3}
		{19099B5F-857F-4F88-A63A-147BAC18F469} = {2D1FD104-CC0C-4F47-934C-089149A672F3}
		{D82F9229-0D39-4B02-9B44-E71EB2D17D72} = {55483DE5-3ADB-4C55-88B0-ED6D39577BF1}
		{4E51104A-0B3D-420F-94A9-9086040C2067} = {BDB050B7-B3BD-47DD-BDBC-538B728FC193}
		{4949261B-28BB-4655-B824-F4114ACB539C} = {BDB050B7-B3BD-47DD-BDBC-538B728FC193}
		{2C755C25-B264-4E3B-BB6F-70F371C49AAF} = {DDC77DAF-85A1-4552-BD7B-571B7C59191C}
		{5ADF5965-C637-4A39-9F9E-7CE27B653579} = {B5B06A4D-E640-4FE9-A04D-6DFB1F52ABB3}
		{70F52783-AFFE-7611-4F2D-11E2661C6322} = {DDC77DAF-85A1-4552-BD7B-571B7C59191C}
		{9399480E-E0DA-4074-B183-59E17199664F} = {B4BFCCC4-A064-4AB0-9100-A13E8F398143}
		{CB7D2B7F-4B5E-4CEC-9D59-E1D629AABB91} = {932C81BF-0A8A-4FC9-BAEA-5441F8A2FF9E}
		{90DC3380-ADD3-D562-205C-3A2704319512} = {F0B3CF87-41A6-4F7B-9A91-D1DCABACAE38}
		{B6565D3A-065A-4128-9240-39C4BE8E8D63} = {80A50E5B-B459-4C38-820D-192EE2C2C22F}
		{73517448-51E6-42E5-8822-508BD9FBA382} = {65CB5889-03D7-41FD-B2CD-87DAC24FF52D}
		{4B21276D-5D50-491C-863F-6A6B7376C5C6} = {B98C857E-DA06-47B1-8790-6B589BE7989C}
	EndGlobalSection
	GlobalSection(ExtensibilityGlobals) = postSolution
		SolutionGuid = {AD5E402E-8A71-48B1-8A06-897158DB5478}
	EndGlobalSection
EndGlobal
